
Microsoft Visual Studio Solution File, Format Version 12.00
# Visual Studio Version 17
VisualStudioVersion = 17.1.32319.34
MinimumVisualStudioVersion = 10.0.40219.1
Project("{F184B08F-C81C-45F6-A57F-5ABD9991F28F}") = "VB Calculator", "VB Calculator\VB Calculator.vbproj", "{DCD8581D-40CC-4CF1-AF81-F3398AADBE15}"
EndProject
Global
	GlobalSection(SolutionConfigurationPlatforms) = preSolution
		Debug|Any CPU = Debug|Any CPU
		Release|Any CPU = Release|Any CPU
	EndGlobalSection
	GlobalSection(ProjectConfigurationPlatforms) = postSolution
		{DCD8581D-40CC-4CF1-AF81-F3398AADBE15}.Debug|Any CPU.ActiveCfg = Debug|Any CPU
		{DCD8581D-40CC-4CF1-AF81-F3398AADBE15}.Debug|Any CPU.Build.0 = Debug|Any CPU
		{DCD8581D-40CC-4CF1-AF81-F3398AADBE15}.Release|Any CPU.ActiveCfg = Release|Any CPU
		{DCD8581D-40CC-4CF1-AF81-F3398AADBE15}.Release|Any CPU.Build.0 = Release|Any CPU
	EndGlobalSection
	GlobalSection(SolutionProperties) = preSolution
		HideSolutionNode = FALSE
	EndGlobalSection
	GlobalSection(ExtensibilityGlobals) = postSolution
		SolutionGuid = {F576D680-77B7-44D0-81BD-5A368C8F98CD}
	EndGlobalSection
EndGlobal
